
Microsoft Visual Studio Solution File, Format Version 12.00
# Visual Studio 15
VisualStudioVersion = 15.0.26430.6
MinimumVisualStudioVersion = 10.0.40219.1
Project("{FAE04EC0-301F-11D3-BF4B-00C04F79EFBC}") = "TestConsole", "TestConsole\TestConsole.csproj", "{D89D5C06-087C-4F46-90F2-45C6B3107E32}"
EndProject
Project("{FAE04EC0-301F-11D3-BF4B-00C04F79EFBC}") = "MessageTemplate", "src\MessageTemplate.csproj", "{F3E9588D-A226-4B20-9AAD-CDE842A82600}"
EndProject
Global
	GlobalSection(SolutionConfigurationPlatforms) = preSolution
		Debug|Any CPU = Debug|Any CPU
		Release|Any CPU = Release|Any CPU
	EndGlobalSection
	GlobalSection(ProjectConfigurationPlatforms) = postSolution
		{D89D5C06-087C-4F46-90F2-45C6B3107E32}.Debug|Any CPU.ActiveCfg = Debug|Any CPU
		{D89D5C06-087C-4F46-90F2-45C6B3107E32}.Debug|Any CPU.Build.0 = Debug|Any CPU
		{D89D5C06-087C-4F46-90F2-45C6B3107E32}.Release|Any CPU.ActiveCfg = Release|Any CPU
		{D89D5C06-087C-4F46-90F2-45C6B3107E32}.Release|Any CPU.Build.0 = Release|Any CPU
		{F3E9588D-A226-4B20-9AAD-CDE842A82600}.Debug|Any CPU.ActiveCfg = Debug|Any CPU
		{F3E9588D-A226-4B20-9AAD-CDE842A82600}.Debug|Any CPU.Build.0 = Debug|Any CPU
		{F3E9588D-A226-4B20-9AAD-CDE842A82600}.Release|Any CPU.ActiveCfg = Release|Any CPU
		{F3E9588D-A226-4B20-9AAD-CDE842A82600}.Release|Any CPU.Build.0 = Release|Any CPU
	EndGlobalSection
	GlobalSection(SolutionProperties) = preSolution
		HideSolutionNode = FALSE
	EndGlobalSection
EndGlobal
